
Microsoft Visual Studio Solution File, Format Version 12.00
# Visual Studio 15
VisualStudioVersion = 15.0.26124.0
MinimumVisualStudioVersion = 15.0.26124.0
Project("{2150E333-8FDC-42A3-9474-1A3956D46DE8}") = "src", "src", "{C61D6E44-5DE4-4166-80AF-9DB5F846B078}"
EndProject
Project("{FAE04EC0-301F-11D3-BF4B-00C04F79EFBC}") = "StoreOfBuild.Domain", "src\StoreOfBuild.Domain\StoreOfBuild.Domain.csproj", "{BA82A98D-4D43-4D56-BE5D-B82E6A24D1D9}"
EndProject
Global
	GlobalSection(SolutionConfigurationPlatforms) = preSolution
		Debug|Any CPU = Debug|Any CPU
		Debug|x64 = Debug|x64
		Debug|x86 = Debug|x86
		Release|Any CPU = Release|Any CPU
		Release|x64 = Release|x64
		Release|x86 = Release|x86
	EndGlobalSection
	GlobalSection(SolutionProperties) = preSolution
		HideSolutionNode = FALSE
	EndGlobalSection
	GlobalSection(ProjectConfigurationPlatforms) = postSolution
		{BA82A98D-4D43-4D56-BE5D-B82E6A24D1D9}.Debug|Any CPU.ActiveCfg = Debug|Any CPU
		{BA82A98D-4D43-4D56-BE5D-B82E6A24D1D9}.Debug|Any CPU.Build.0 = Debug|Any CPU
		{BA82A98D-4D43-4D56-BE5D-B82E6A24D1D9}.Debug|x64.ActiveCfg = Debug|Any CPU
		{BA82A98D-4D43-4D56-BE5D-B82E6A24D1D9}.Debug|x64.Build.0 = Debug|Any CPU
		{BA82A98D-4D43-4D56-BE5D-B82E6A24D1D9}.Debug|x86.ActiveCfg = Debug|Any CPU
		{BA82A98D-4D43-4D56-BE5D-B82E6A24D1D9}.Debug|x86.Build.0 = Debug|Any CPU
		{BA82A98D-4D43-4D56-BE5D-B82E6A24D1D9}.Release|Any CPU.ActiveCfg = Release|Any CPU
		{BA82A98D-4D43-4D56-BE5D-B82E6A24D1D9}.Release|Any CPU.Build.0 = Release|Any CPU
		{BA82A98D-4D43-4D56-BE5D-B82E6A24D1D9}.Release|x64.ActiveCfg = Release|Any CPU
		{BA82A98D-4D43-4D56-BE5D-B82E6A24D1D9}.Release|x64.Build.0 = Release|Any CPU
		{BA82A98D-4D43-4D56-BE5D-B82E6A24D1D9}.Release|x86.ActiveCfg = Release|Any CPU
		{BA82A98D-4D43-4D56-BE5D-B82E6A24D1D9}.Release|x86.Build.0 = Release|Any CPU
	EndGlobalSection
	GlobalSection(NestedProjects) = preSolution
		{BA82A98D-4D43-4D56-BE5D-B82E6A24D1D9} = {C61D6E44-5DE4-4166-80AF-9DB5F846B078}
	EndGlobalSection
EndGlobal
