
Microsoft Visual Studio Solution File, Format Version 12.00
# Visual Studio 15
VisualStudioVersion = 15.0.28307.329
MinimumVisualStudioVersion = 10.0.40219.1
Project("{FAE04EC0-301F-11D3-BF4B-00C04F79EFBC}") = "Identity", "Identity\Identity.csproj", "{A34081E0-4609-468F-AB85-BDD53E065AF6}"
EndProject
Global
	GlobalSection(SolutionConfigurationPlatforms) = preSolution
		Debug|Any CPU = Debug|Any CPU
		Release|Any CPU = Release|Any CPU
	EndGlobalSection
	GlobalSection(ProjectConfigurationPlatforms) = postSolution
		{A34081E0-4609-468F-AB85-BDD53E065AF6}.Debug|Any CPU.ActiveCfg = Debug|Any CPU
		{A34081E0-4609-468F-AB85-BDD53E065AF6}.Debug|Any CPU.Build.0 = Debug|Any CPU
		{A34081E0-4609-468F-AB85-BDD53E065AF6}.Release|Any CPU.ActiveCfg = Release|Any CPU
		{A34081E0-4609-468F-AB85-BDD53E065AF6}.Release|Any CPU.Build.0 = Release|Any CPU
	EndGlobalSection
	GlobalSection(SolutionProperties) = preSolution
		HideSolutionNode = FALSE
	EndGlobalSection
	GlobalSection(ExtensibilityGlobals) = postSolution
		SolutionGuid = {29957CC0-986E-4359-AB92-F68EDC00B852}
	EndGlobalSection
EndGlobal
